
Microsoft Visual Studio Solution File, Format Version 12.00
Project("{FAE04EC0-301F-11D3-BF4B-00C04F79EFBC}") = "HotDealBot", "HotDealBot\HotDealBot.csproj", "{F0FA0787-1D12-459B-AD31-D4DFD17FF825}"
EndProject
Project("{FAE04EC0-301F-11D3-BF4B-00C04F79EFBC}") = "HotDealServer", "HotDealServer\HotDealServer.csproj", "{E947E85A-7783-4D6A-B017-D16BFE890267}"
EndProject
Project("{FAE04EC0-301F-11D3-BF4B-00C04F79EFBC}") = "HotDealServerTest", "HotDealServerTest\HotDealServerTest.csproj", "{40B602C3-D1D8-46E1-951E-9EEB5BA582F9}"
EndProject
Global
	GlobalSection(SolutionConfigurationPlatforms) = preSolution
		Debug|Any CPU = Debug|Any CPU
		Release|Any CPU = Release|Any CPU
	EndGlobalSection
	GlobalSection(ProjectConfigurationPlatforms) = postSolution
		{F0FA0787-1D12-459B-AD31-D4DFD17FF825}.Debug|Any CPU.ActiveCfg = Debug|Any CPU
		{F0FA0787-1D12-459B-AD31-D4DFD17FF825}.Debug|Any CPU.Build.0 = Debug|Any CPU
		{F0FA0787-1D12-459B-AD31-D4DFD17FF825}.Release|Any CPU.ActiveCfg = Release|Any CPU
		{F0FA0787-1D12-459B-AD31-D4DFD17FF825}.Release|Any CPU.Build.0 = Release|Any CPU
		{E947E85A-7783-4D6A-B017-D16BFE890267}.Debug|Any CPU.ActiveCfg = Debug|Any CPU
		{E947E85A-7783-4D6A-B017-D16BFE890267}.Debug|Any CPU.Build.0 = Debug|Any CPU
		{E947E85A-7783-4D6A-B017-D16BFE890267}.Release|Any CPU.ActiveCfg = Release|Any CPU
		{E947E85A-7783-4D6A-B017-D16BFE890267}.Release|Any CPU.Build.0 = Release|Any CPU
		{40B602C3-D1D8-46E1-951E-9EEB5BA582F9}.Debug|Any CPU.ActiveCfg = Debug|Any CPU
		{40B602C3-D1D8-46E1-951E-9EEB5BA582F9}.Debug|Any CPU.Build.0 = Debug|Any CPU
		{40B602C3-D1D8-46E1-951E-9EEB5BA582F9}.Release|Any CPU.ActiveCfg = Release|Any CPU
		{40B602C3-D1D8-46E1-951E-9EEB5BA582F9}.Release|Any CPU.Build.0 = Release|Any CPU
	EndGlobalSection
EndGlobal
